
Microsoft Visual Studio Solution File, Format Version 12.00
# Visual Studio Version 17
VisualStudioVersion = 17.9.34723.18
MinimumVisualStudioVersion = 10.0.40219.1
Project("{9A19103F-16F7-4668-BE54-9A1E7A4F7556}") = "ControleInventario", "ControleInventario.csproj", "{AA15EAC0-6364-449B-BF09-AB93C8DA2493}"
EndProject
Project("{FAE04EC0-301F-11D3-BF4B-00C04F79EFBC}") = "ControleInventario.Test", "..\ControleInventario.Test\ControleInventario.Test.csproj", "{21A6681A-E4CD-42E9-B640-B6781DE3103A}"
EndProject
Global
	GlobalSection(SolutionConfigurationPlatforms) = preSolution
		Debug|Any CPU = Debug|Any CPU
		Release|Any CPU = Release|Any CPU
	EndGlobalSection
	GlobalSection(ProjectConfigurationPlatforms) = postSolution
		{AA15EAC0-6364-449B-BF09-AB93C8DA2493}.Debug|Any CPU.ActiveCfg = Debug|Any CPU
		{AA15EAC0-6364-449B-BF09-AB93C8DA2493}.Debug|Any CPU.Build.0 = Debug|Any CPU
		{AA15EAC0-6364-449B-BF09-AB93C8DA2493}.Release|Any CPU.ActiveCfg = Release|Any CPU
		{AA15EAC0-6364-449B-BF09-AB93C8DA2493}.Release|Any CPU.Build.0 = Release|Any CPU
		{21A6681A-E4CD-42E9-B640-B6781DE3103A}.Debug|Any CPU.ActiveCfg = Debug|Any CPU
		{21A6681A-E4CD-42E9-B640-B6781DE3103A}.Debug|Any CPU.Build.0 = Debug|Any CPU
		{21A6681A-E4CD-42E9-B640-B6781DE3103A}.Release|Any CPU.ActiveCfg = Release|Any CPU
		{21A6681A-E4CD-42E9-B640-B6781DE3103A}.Release|Any CPU.Build.0 = Release|Any CPU
	EndGlobalSection
	GlobalSection(SolutionProperties) = preSolution
		HideSolutionNode = FALSE
	EndGlobalSection
	GlobalSection(ExtensibilityGlobals) = postSolution
		SolutionGuid = {2ADD9A3D-93DA-4B3A-A415-BFB5E7746898}
	EndGlobalSection
EndGlobal
