
Microsoft Visual Studio Solution File, Format Version 12.00
# Visual Studio Version 17
VisualStudioVersion = 17.9.34723.18
MinimumVisualStudioVersion = 10.0.40219.1
Project("{FAE04EC0-301F-11D3-BF4B-00C04F79EFBC}") = "Calculos", "Calculos.csproj", "{4428BEC9-715C-4B8F-916C-509F8863DCCA}"
EndProject
Project("{FAE04EC0-301F-11D3-BF4B-00C04F79EFBC}") = "Calculos.Test", "..\Calculos.Test\Calculos.Test.csproj", "{82A73404-72FE-4345-937A-8D32C3308ACC}"
EndProject
Global
	GlobalSection(SolutionConfigurationPlatforms) = preSolution
		Debug|Any CPU = Debug|Any CPU
		Release|Any CPU = Release|Any CPU
	EndGlobalSection
	GlobalSection(ProjectConfigurationPlatforms) = postSolution
		{4428BEC9-715C-4B8F-916C-509F8863DCCA}.Debug|Any CPU.ActiveCfg = Debug|Any CPU
		{4428BEC9-715C-4B8F-916C-509F8863DCCA}.Debug|Any CPU.Build.0 = Debug|Any CPU
		{4428BEC9-715C-4B8F-916C-509F8863DCCA}.Release|Any CPU.ActiveCfg = Release|Any CPU
		{4428BEC9-715C-4B8F-916C-509F8863DCCA}.Release|Any CPU.Build.0 = Release|Any CPU
		{82A73404-72FE-4345-937A-8D32C3308ACC}.Debug|Any CPU.ActiveCfg = Debug|Any CPU
		{82A73404-72FE-4345-937A-8D32C3308ACC}.Debug|Any CPU.Build.0 = Debug|Any CPU
		{82A73404-72FE-4345-937A-8D32C3308ACC}.Release|Any CPU.ActiveCfg = Release|Any CPU
		{82A73404-72FE-4345-937A-8D32C3308ACC}.Release|Any CPU.Build.0 = Release|Any CPU
	EndGlobalSection
	GlobalSection(SolutionProperties) = preSolution
		HideSolutionNode = FALSE
	EndGlobalSection
	GlobalSection(ExtensibilityGlobals) = postSolution
		SolutionGuid = {47E835BB-F41B-4E21-A303-C5472822A814}
	EndGlobalSection
EndGlobal
